
Microsoft Visual Studio Solution File, Format Version 12.00
# Visual Studio Version 17
VisualStudioVersion = 17.3.32825.248
MinimumVisualStudioVersion = 10.0.40219.1
Project("{FAE04EC0-301F-11D3-BF4B-00C04F79EFBC}") = "Final project", "Final project.csproj", "{98A60A16-7396-43DC-A1EA-16E25A1C6725}"
EndProject
Global
	GlobalSection(SolutionConfigurationPlatforms) = preSolution
		Debug|Any CPU = Debug|Any CPU
		Release|Any CPU = Release|Any CPU
	EndGlobalSection
	GlobalSection(ProjectConfigurationPlatforms) = postSolution
		{98A60A16-7396-43DC-A1EA-16E25A1C6725}.Debug|Any CPU.ActiveCfg = Debug|Any CPU
		{98A60A16-7396-43DC-A1EA-16E25A1C6725}.Debug|Any CPU.Build.0 = Debug|Any CPU
		{98A60A16-7396-43DC-A1EA-16E25A1C6725}.Release|Any CPU.ActiveCfg = Release|Any CPU
		{98A60A16-7396-43DC-A1EA-16E25A1C6725}.Release|Any CPU.Build.0 = Release|Any CPU
	EndGlobalSection
	GlobalSection(SolutionProperties) = preSolution
		HideSolutionNode = FALSE
	EndGlobalSection
	GlobalSection(ExtensibilityGlobals) = postSolution
		SolutionGuid = {4BE477DF-85A1-4AC6-8416-C702F0A3074B}
	EndGlobalSection
EndGlobal
